// !$*UTF8*$!
{
	archiveVersion = 1;
	classes = {
	};
	objectVersion = 55;
	objects = {

/* Begin PBXBuildFile section */
		20C3FD76286955DC00F8637A /* SIPconfig.swift in Sources */ = {isa = PBXBuildFile; fileRef = 20C3FD75286955DC00F8637A /* SIPconfig.swift */; };
		20C3FDA528695BCC00F8637A /* demo-pjsip-header.m in Sources */ = {isa = PBXBuildFile; fileRef = 20C3FDA428695BCC00F8637A /* demo-pjsip-header.m */; };
		20C689272864775200B57794 /* AppDelegate.swift in Sources */ = {isa = PBXBuildFile; fileRef = 20C689262864775200B57794 /* AppDelegate.swift */; };
		20C689292864775200B57794 /* SceneDelegate.swift in Sources */ = {isa = PBXBuildFile; fileRef = 20C689282864775200B57794 /* SceneDelegate.swift */; };
		20C6892B2864775200B57794 /* ViewController.swift in Sources */ = {isa = PBXBuildFile; fileRef = 20C6892A2864775200B57794 /* ViewController.swift */; };
		20C6892E2864775200B57794 /* Main.storyboard in Resources */ = {isa = PBXBuildFile; fileRef = 20C6892C2864775200B57794 /* Main.storyboard */; };
		20C689302864775300B57794 /* Assets.xcassets in Resources */ = {isa = PBXBuildFile; fileRef = 20C6892F2864775300B57794 /* Assets.xcassets */; };
		20C689332864775300B57794 /* LaunchScreen.storyboard in Resources */ = {isa = PBXBuildFile; fileRef = 20C689312864775300B57794 /* LaunchScreen.storyboard */; };
		20E9C9512869614500A620C6 /* libpjsua-arm64-apple-darwin_ios.a in Frameworks */ = {isa = PBXBuildFile; fileRef = 20E9C9452869614500A620C6 /* libpjsua-arm64-apple-darwin_ios.a */; };
		20E9C9522869614500A620C6 /* libpjsua2-arm64-apple-darwin_ios.a in Frameworks */ = {isa = PBXBuildFile; fileRef = 20E9C9462869614500A620C6 /* libpjsua2-arm64-apple-darwin_ios.a */; };
		20E9C9532869614500A620C6 /* libpjmedia-codec-arm64-apple-darwin_ios.a in Frameworks */ = {isa = PBXBuildFile; fileRef = 20E9C9472869614500A620C6 /* libpjmedia-codec-arm64-apple-darwin_ios.a */; };
		20E9C9542869614500A620C6 /* libpj-arm64-apple-darwin_ios.a in Frameworks */ = {isa = PBXBuildFile; fileRef = 20E9C9482869614500A620C6 /* libpj-arm64-apple-darwin_ios.a */; };
		20E9C9552869614500A620C6 /* libpjmedia-audiodev-arm64-apple-darwin_ios.a in Frameworks */ = {isa = PBXBuildFile; fileRef = 20E9C9492869614500A620C6 /* libpjmedia-audiodev-arm64-apple-darwin_ios.a */; };
		20E9C9562869614500A620C6 /* libpjnath-arm64-apple-darwin_ios.a in Frameworks */ = {isa = PBXBuildFile; fileRef = 20E9C94A2869614500A620C6 /* libpjnath-arm64-apple-darwin_ios.a */; };
		20E9C9572869614500A620C6 /* libpjsip-ua-arm64-apple-darwin_ios.a in Frameworks */ = {isa = PBXBuildFile; fileRef = 20E9C94B2869614500A620C6 /* libpjsip-ua-arm64-apple-darwin_ios.a */; };
		20E9C9582869614500A620C6 /* libpjmedia-arm64-apple-darwin_ios.a in Frameworks */ = {isa = PBXBuildFile; fileRef = 20E9C94C2869614500A620C6 /* libpjmedia-arm64-apple-darwin_ios.a */; };
		20E9C9592869614500A620C6 /* libpjlib-util-arm64-apple-darwin_ios.a in Frameworks */ = {isa = PBXBuildFile; fileRef = 20E9C94D2869614500A620C6 /* libpjlib-util-arm64-apple-darwin_ios.a */; };
		20E9C95A2869614500A620C6 /* libpjmedia-videodev-arm64-apple-darwin_ios.a in Frameworks */ = {isa = PBXBuildFile; fileRef = 20E9C94E2869614500A620C6 /* libpjmedia-videodev-arm64-apple-darwin_ios.a */; };
		20E9C95B2869614500A620C6 /* libpjsip-simple-arm64-apple-darwin_ios.a in Frameworks */ = {isa = PBXBuildFile; fileRef = 20E9C94F2869614500A620C6 /* libpjsip-simple-arm64-apple-darwin_ios.a */; };
		20E9C95C2869614500A620C6 /* libpjsip-arm64-apple-darwin_ios.a in Frameworks */ = {isa = PBXBuildFile; fileRef = 20E9C9502869614500A620C6 /* libpjsip-arm64-apple-darwin_ios.a */; };
/* End PBXBuildFile section */

/* Begin PBXFileReference section */
		20C3FD602869537B00F8637A /* libyuv.a */ = {isa = PBXFileReference; lastKnownFileType = archive.ar; path = libyuv.a; sourceTree = "<group>"; };
		20C3FD612869537B00F8637A /* libpjsua.a */ = {isa = PBXFileReference; lastKnownFileType = archive.ar; path = libpjsua.a; sourceTree = "<group>"; };
		20C3FD622869537B00F8637A /* libresample.a */ = {isa = PBXFileReference; lastKnownFileType = archive.ar; path = libresample.a; sourceTree = "<group>"; };
		20C3FD632869537B00F8637A /* libpjsip-simple.a */ = {isa = PBXFileReference; lastKnownFileType = archive.ar; path = "libpjsip-simple.a"; sourceTree = "<group>"; };
		20C3FD642869537B00F8637A /* libsrtp.a */ = {isa = PBXFileReference; lastKnownFileType = archive.ar; path = libsrtp.a; sourceTree = "<group>"; };
		20C3FD652869537B00F8637A /* libilbccodec.a */ = {isa = PBXFileReference; lastKnownFileType = archive.ar; path = libilbccodec.a; sourceTree = "<group>"; };
		20C3FD662869537B00F8637A /* libpjlib-util.a */ = {isa = PBXFileReference; lastKnownFileType = archive.ar; path = "libpjlib-util.a"; sourceTree = "<group>"; };
		20C3FD672869537B00F8637A /* libpjnath.a */ = {isa = PBXFileReference; lastKnownFileType = archive.ar; path = libpjnath.a; sourceTree = "<group>"; };
		20C3FD682869537B00F8637A /* libgsmcodec.a */ = {isa = PBXFileReference; lastKnownFileType = archive.ar; path = libgsmcodec.a; sourceTree = "<group>"; };
		20C3FD692869537B00F8637A /* libpjmedia-audiodev.a */ = {isa = PBXFileReference; lastKnownFileType = archive.ar; path = "libpjmedia-audiodev.a"; sourceTree = "<group>"; };
		20C3FD6A2869537B00F8637A /* libg7221codec.a */ = {isa = PBXFileReference; lastKnownFileType = archive.ar; path = libg7221codec.a; sourceTree = "<group>"; };
		20C3FD6B2869537B00F8637A /* libpjsip-ua.a */ = {isa = PBXFileReference; lastKnownFileType = archive.ar; path = "libpjsip-ua.a"; sourceTree = "<group>"; };
		20C3FD6C2869537B00F8637A /* libwebrtc.a */ = {isa = PBXFileReference; lastKnownFileType = archive.ar; path = libwebrtc.a; sourceTree = "<group>"; };
		20C3FD6D2869537B00F8637A /* libpjmedia-codec.a */ = {isa = PBXFileReference; lastKnownFileType = archive.ar; path = "libpjmedia-codec.a"; sourceTree = "<group>"; };
		20C3FD6E2869537B00F8637A /* libpj.a */ = {isa = PBXFileReference; lastKnownFileType = archive.ar; path = libpj.a; sourceTree = "<group>"; };
		20C3FD6F2869537B00F8637A /* libspeex.a */ = {isa = PBXFileReference; lastKnownFileType = archive.ar; path = libspeex.a; sourceTree = "<group>"; };
		20C3FD702869537B00F8637A /* libpjsua2.a */ = {isa = PBXFileReference; lastKnownFileType = archive.ar; path = libpjsua2.a; sourceTree = "<group>"; };
		20C3FD712869537B00F8637A /* libpjmedia-videodev.a */ = {isa = PBXFileReference; lastKnownFileType = archive.ar; path = "libpjmedia-videodev.a"; sourceTree = "<group>"; };
		20C3FD722869537B00F8637A /* libpjsip.a */ = {isa = PBXFileReference; lastKnownFileType = archive.ar; path = libpjsip.a; sourceTree = "<group>"; };
		20C3FD732869537B00F8637A /* libpjmedia.a */ = {isa = PBXFileReference; lastKnownFileType = archive.ar; path = libpjmedia.a; sourceTree = "<group>"; };
		20C3FD75286955DC00F8637A /* SIPconfig.swift */ = {isa = PBXFileReference; lastKnownFileType = sourcecode.swift; path = SIPconfig.swift; sourceTree = "<group>"; };
		20C3FDA328695BCC00F8637A /* CallKitWithPjsipDemo-Bridging-Header.h */ = {isa = PBXFileReference; lastKnownFileType = sourcecode.c.h; path = "CallKitWithPjsipDemo-Bridging-Header.h"; sourceTree = "<group>"; };
		20C3FDA428695BCC00F8637A /* demo-pjsip-header.m */ = {isa = PBXFileReference; lastKnownFileType = sourcecode.c.objc; path = "demo-pjsip-header.m"; sourceTree = "<group>"; };
		20C689262864775200B57794 /* AppDelegate.swift */ = {isa = PBXFileReference; lastKnownFileType = sourcecode.swift; path = AppDelegate.swift; sourceTree = "<group>"; };
		20C689282864775200B57794 /* SceneDelegate.swift */ = {isa = PBXFileReference; lastKnownFileType = sourcecode.swift; path = SceneDelegate.swift; sourceTree = "<group>"; };
		20C6892A2864775200B57794 /* ViewController.swift */ = {isa = PBXFileReference; lastKnownFileType = sourcecode.swift; path = ViewController.swift; sourceTree = "<group>"; };
		20C6892D2864775200B57794 /* Base */ = {isa = PBXFileReference; lastKnownFileType = file.storyboard; name = Base; path = Base.lproj/Main.storyboard; sourceTree = "<group>"; };
		20C6892F2864775300B57794 /* Assets.xcassets */ = {isa = PBXFileReference; lastKnownFileType = folder.assetcatalog; path = Assets.xcassets; sourceTree = "<group>"; };
		20C689322864775300B57794 /* Base */ = {isa = PBXFileReference; lastKnownFileType = file.storyboard; name = Base; path = Base.lproj/LaunchScreen.storyboard; sourceTree = "<group>"; };
		20C689342864775300B57794 /* Info.plist */ = {isa = PBXFileReference; lastKnownFileType = text.plist.xml; path = Info.plist; sourceTree = "<group>"; };
		20E9C92C28695F3900A620C6 /* CallKitWithPjsipDemo.app */ = {isa = PBXFileReference; explicitFileType = wrapper.application; includeInIndex = 0; name = CallKitWithPjsipDemo.app; path = "/Users/genusysinc/Desktop/Mobarak Projects/CallKitWithPjsip/CallKitWithPjsipDemo/build/Debug-iphoneos/CallKitWithPjsipDemo.app"; sourceTree = "<absolute>"; };
		20E9C9312869613000A620C6 /* libpjlib-util.a */ = {isa = PBXFileReference; lastKnownFileType = archive.ar; path = "libpjlib-util.a"; sourceTree = "<group>"; };
		20E9C9322869613000A620C6 /* libpjsip-ua.a */ = {isa = PBXFileReference; lastKnownFileType = archive.ar; path = "libpjsip-ua.a"; sourceTree = "<group>"; };
		20E9C9332869613000A620C6 /* libyuv.a */ = {isa = PBXFileReference; lastKnownFileType = archive.ar; path = libyuv.a; sourceTree = "<group>"; };
		20E9C9342869613000A620C6 /* libpjsua2.a */ = {isa = PBXFileReference; lastKnownFileType = archive.ar; path = libpjsua2.a; sourceTree = "<group>"; };
		20E9C9352869613000A620C6 /* libpjnath.a */ = {isa = PBXFileReference; lastKnownFileType = archive.ar; path = libpjnath.a; sourceTree = "<group>"; };
		20E9C9362869613000A620C6 /* libpjmedia.a */ = {isa = PBXFileReference; lastKnownFileType = archive.ar; path = libpjmedia.a; sourceTree = "<group>"; };
		20E9C9372869613000A620C6 /* libpjsip-simple.a */ = {isa = PBXFileReference; lastKnownFileType = archive.ar; path = "libpjsip-simple.a"; sourceTree = "<group>"; };
		20E9C9382869613000A620C6 /* libg7221codec.a */ = {isa = PBXFileReference; lastKnownFileType = archive.ar; path = libg7221codec.a; sourceTree = "<group>"; };
		20E9C9392869613000A620C6 /* libgsmcodec.a */ = {isa = PBXFileReference; lastKnownFileType = archive.ar; path = libgsmcodec.a; sourceTree = "<group>"; };
		20E9C93A2869613000A620C6 /* libspeex.a */ = {isa = PBXFileReference; lastKnownFileType = archive.ar; path = libspeex.a; sourceTree = "<group>"; };
		20E9C93B2869613000A620C6 /* libpjmedia-codec.a */ = {isa = PBXFileReference; lastKnownFileType = archive.ar; path = "libpjmedia-codec.a"; sourceTree = "<group>"; };
		20E9C93C2869613000A620C6 /* libpjmedia-videodev.a */ = {isa = PBXFileReference; lastKnownFileType = archive.ar; path = "libpjmedia-videodev.a"; sourceTree = "<group>"; };
		20E9C93D2869613000A620C6 /* libpjsua.a */ = {isa = PBXFileReference; lastKnownFileType = archive.ar; path = libpjsua.a; sourceTree = "<group>"; };
		20E9C93E2869613000A620C6 /* libwebrtc.a */ = {isa = PBXFileReference; lastKnownFileType = archive.ar; path = libwebrtc.a; sourceTree = "<group>"; };
		20E9C93F2869613000A620C6 /* libresample.a */ = {isa = PBXFileReference; lastKnownFileType = archive.ar; path = libresample.a; sourceTree = "<group>"; };
		20E9C9402869613000A620C6 /* libsrtp.a */ = {isa = PBXFileReference; lastKnownFileType = archive.ar; path = libsrtp.a; sourceTree = "<group>"; };
		20E9C9412869613000A620C6 /* libpj.a */ = {isa = PBXFileReference; lastKnownFileType = archive.ar; path = libpj.a; sourceTree = "<group>"; };
		20E9C9422869613000A620C6 /* libilbccodec.a */ = {isa = PBXFileReference; lastKnownFileType = archive.ar; path = libilbccodec.a; sourceTree = "<group>"; };
		20E9C9432869613000A620C6 /* libpjsip.a */ = {isa = PBXFileReference; lastKnownFileType = archive.ar; path = libpjsip.a; sourceTree = "<group>"; };
		20E9C9442869613000A620C6 /* libpjmedia-audiodev.a */ = {isa = PBXFileReference; lastKnownFileType = archive.ar; path = "libpjmedia-audiodev.a"; sourceTree = "<group>"; };
		20E9C9452869614500A620C6 /* libpjsua-arm64-apple-darwin_ios.a */ = {isa = PBXFileReference; lastKnownFileType = archive.ar; name = "libpjsua-arm64-apple-darwin_ios.a"; path = "../../../../Downloads/pjproject-2.12.1/pjsip/lib/libpjsua-arm64-apple-darwin_ios.a"; sourceTree = "<group>"; };
		20E9C9462869614500A620C6 /* libpjsua2-arm64-apple-darwin_ios.a */ = {isa = PBXFileReference; lastKnownFileType = archive.ar; name = "libpjsua2-arm64-apple-darwin_ios.a"; path = "../../../../Downloads/pjproject-2.12.1/pjsip/lib/libpjsua2-arm64-apple-darwin_ios.a"; sourceTree = "<group>"; };
		20E9C9472869614500A620C6 /* libpjmedia-codec-arm64-apple-darwin_ios.a */ = {isa = PBXFileReference; lastKnownFileType = archive.ar; name = "libpjmedia-codec-arm64-apple-darwin_ios.a"; path = "../../../../Downloads/pjproject-2.12.1/pjmedia/lib/libpjmedia-codec-arm64-apple-darwin_ios.a"; sourceTree = "<group>"; };
		20E9C9482869614500A620C6 /* libpj-arm64-apple-darwin_ios.a */ = {isa = PBXFileReference; lastKnownFileType = archive.ar; name = "libpj-arm64-apple-darwin_ios.a"; path = "../../../../Downloads/pjproject-2.12.1/pjlib/lib/libpj-arm64-apple-darwin_ios.a"; sourceTree = "<group>"; };
		20E9C9492869614500A620C6 /* libpjmedia-audiodev-arm64-apple-darwin_ios.a */ = {isa = PBXFileReference; lastKnownFileType = archive.ar; name = "libpjmedia-audiodev-arm64-apple-darwin_ios.a"; path = "../../../../Downloads/pjproject-2.12.1/pjmedia/lib/libpjmedia-audiodev-arm64-apple-darwin_ios.a"; sourceTree = "<group>"; };
		20E9C94A2869614500A620C6 /* libpjnath-arm64-apple-darwin_ios.a */ = {isa = PBXFileReference; lastKnownFileType = archive.ar; name = "libpjnath-arm64-apple-darwin_ios.a"; path = "../../../../Downloads/pjproject-2.12.1/pjnath/lib/libpjnath-arm64-apple-darwin_ios.a"; sourceTree = "<group>"; };
		20E9C94B2869614500A620C6 /* libpjsip-ua-arm64-apple-darwin_ios.a */ = {isa = PBXFileReference; lastKnownFileType = archive.ar; name = "libpjsip-ua-arm64-apple-darwin_ios.a"; path = "../../../../Downloads/pjproject-2.12.1/pjsip/lib/libpjsip-ua-arm64-apple-darwin_ios.a"; sourceTree = "<group>"; };
		20E9C94C2869614500A620C6 /* libpjmedia-arm64-apple-darwin_ios.a */ = {isa = PBXFileReference; lastKnownFileType = archive.ar; name = "libpjmedia-arm64-apple-darwin_ios.a"; path = "../../../../Downloads/pjproject-2.12.1/pjmedia/lib/libpjmedia-arm64-apple-darwin_ios.a"; sourceTree = "<group>"; };
		20E9C94D2869614500A620C6 /* libpjlib-util-arm64-apple-darwin_ios.a */ = {isa = PBXFileReference; lastKnownFileType = archive.ar; name = "libpjlib-util-arm64-apple-darwin_ios.a"; path = "../../../../Downloads/pjproject-2.12.1/pjlib-util/lib/libpjlib-util-arm64-apple-darwin_ios.a"; sourceTree = "<group>"; };
		20E9C94E2869614500A620C6 /* libpjmedia-videodev-arm64-apple-darwin_ios.a */ = {isa = PBXFileReference; lastKnownFileType = archive.ar; name = "libpjmedia-videodev-arm64-apple-darwin_ios.a"; path = "../../../../Downloads/pjproject-2.12.1/pjmedia/lib/libpjmedia-videodev-arm64-apple-darwin_ios.a"; sourceTree = "<group>"; };
		20E9C94F2869614500A620C6 /* libpjsip-simple-arm64-apple-darwin_ios.a */ = {isa = PBXFileReference; lastKnownFileType = archive.ar; name = "libpjsip-simple-arm64-apple-darwin_ios.a"; path = "../../../../Downloads/pjproject-2.12.1/pjsip/lib/libpjsip-simple-arm64-apple-darwin_ios.a"; sourceTree = "<group>"; };
		20E9C9502869614500A620C6 /* libpjsip-arm64-apple-darwin_ios.a */ = {isa = PBXFileReference; lastKnownFileType = archive.ar; name = "libpjsip-arm64-apple-darwin_ios.a"; path = "../../../../Downloads/pjproject-2.12.1/pjsip/lib/libpjsip-arm64-apple-darwin_ios.a"; sourceTree = "<group>"; };
/* End PBXFileReference section */

/* Begin PBXFrameworksBuildPhase section */
		20C689202864775200B57794 /* Frameworks */ = {
			isa = PBXFrameworksBuildPhase;
			buildActionMask = 2147483647;
			files = (
				20E9C9512869614500A620C6 /* libpjsua-arm64-apple-darwin_ios.a in Frameworks */,
				20E9C9522869614500A620C6 /* libpjsua2-arm64-apple-darwin_ios.a in Frameworks */,
				20E9C9532869614500A620C6 /* libpjmedia-codec-arm64-apple-darwin_ios.a in Frameworks */,
				20E9C9542869614500A620C6 /* libpj-arm64-apple-darwin_ios.a in Frameworks */,
				20E9C9552869614500A620C6 /* libpjmedia-audiodev-arm64-apple-darwin_ios.a in Frameworks */,
				20E9C9562869614500A620C6 /* libpjnath-arm64-apple-darwin_ios.a in Frameworks */,
				20E9C9572869614500A620C6 /* libpjsip-ua-arm64-apple-darwin_ios.a in Frameworks */,
				20E9C9582869614500A620C6 /* libpjmedia-arm64-apple-darwin_ios.a in Frameworks */,
				20E9C9592869614500A620C6 /* libpjlib-util-arm64-apple-darwin_ios.a in Frameworks */,
				20E9C95A2869614500A620C6 /* libpjmedia-videodev-arm64-apple-darwin_ios.a in Frameworks */,
				20E9C95B2869614500A620C6 /* libpjsip-simple-arm64-apple-darwin_ios.a in Frameworks */,
				20E9C95C2869614500A620C6 /* libpjsip-arm64-apple-darwin_ios.a in Frameworks */,
			);
			runOnlyForDeploymentPostprocessing = 0;
		};
/* End PBXFrameworksBuildPhase section */

/* Begin PBXGroup section */
		20C3FD5F2869537A00F8637A /* Libraries */ = {
			isa = PBXGroup;
			children = (
				20C3FD662869537B00F8637A /* libpjlib-util.a */,
				20C3FD6B2869537B00F8637A /* libpjsip-ua.a */,
				20C3FD602869537B00F8637A /* libyuv.a */,
				20C3FD702869537B00F8637A /* libpjsua2.a */,
				20C3FD672869537B00F8637A /* libpjnath.a */,
				20C3FD732869537B00F8637A /* libpjmedia.a */,
				20C3FD632869537B00F8637A /* libpjsip-simple.a */,
				20C3FD6A2869537B00F8637A /* libg7221codec.a */,
				20C3FD682869537B00F8637A /* libgsmcodec.a */,
				20C3FD6F2869537B00F8637A /* libspeex.a */,
				20C3FD6D2869537B00F8637A /* libpjmedia-codec.a */,
				20C3FD712869537B00F8637A /* libpjmedia-videodev.a */,
				20C3FD612869537B00F8637A /* libpjsua.a */,
				20C3FD6C2869537B00F8637A /* libwebrtc.a */,
				20C3FD622869537B00F8637A /* libresample.a */,
				20C3FD642869537B00F8637A /* libsrtp.a */,
				20C3FD6E2869537B00F8637A /* libpj.a */,
				20C3FD652869537B00F8637A /* libilbccodec.a */,
				20C3FD722869537B00F8637A /* libpjsip.a */,
				20C3FD692869537B00F8637A /* libpjmedia-audiodev.a */,
			);
			path = Libraries;
			sourceTree = "<group>";
		};
		20C3FD74286955C100F8637A /* SipConfig */ = {
			isa = PBXGroup;
			children = (
				20C3FD75286955DC00F8637A /* SIPconfig.swift */,
			);
			path = SipConfig;
			sourceTree = "<group>";
		};
		20C6891A2864775200B57794 = {
			isa = PBXGroup;
			children = (
				20C3FD5F2869537A00F8637A /* Libraries */,
				20C689252864775200B57794 /* CallKitWithPjsipDemo */,
				20E9C92F2869613000A620C6 /* Frameworks */,
			);
			sourceTree = "<group>";
		};
		20C689252864775200B57794 /* CallKitWithPjsipDemo */ = {
			isa = PBXGroup;
			children = (
				20C3FD74286955C100F8637A /* SipConfig */,
				20C689262864775200B57794 /* AppDelegate.swift */,
				20C689282864775200B57794 /* SceneDelegate.swift */,
				20C6892A2864775200B57794 /* ViewController.swift */,
				20C6892C2864775200B57794 /* Main.storyboard */,
				20C6892F2864775300B57794 /* Assets.xcassets */,
				20C689312864775300B57794 /* LaunchScreen.storyboard */,
				20C689342864775300B57794 /* Info.plist */,
				20C3FDA428695BCC00F8637A /* demo-pjsip-header.m */,
				20C3FDA328695BCC00F8637A /* CallKitWithPjsipDemo-Bridging-Header.h */,
			);
			path = CallKitWithPjsipDemo;
			sourceTree = "<group>";
		};
		20E9C92F2869613000A620C6 /* Frameworks */ = {
			isa = PBXGroup;
			children = (
				20E9C9482869614500A620C6 /* libpj-arm64-apple-darwin_ios.a */,
				20E9C94D2869614500A620C6 /* libpjlib-util-arm64-apple-darwin_ios.a */,
				20E9C94C2869614500A620C6 /* libpjmedia-arm64-apple-darwin_ios.a */,
				20E9C9492869614500A620C6 /* libpjmedia-audiodev-arm64-apple-darwin_ios.a */,
				20E9C9472869614500A620C6 /* libpjmedia-codec-arm64-apple-darwin_ios.a */,
				20E9C94E2869614500A620C6 /* libpjmedia-videodev-arm64-apple-darwin_ios.a */,
				20E9C94A2869614500A620C6 /* libpjnath-arm64-apple-darwin_ios.a */,
				20E9C9502869614500A620C6 /* libpjsip-arm64-apple-darwin_ios.a */,
				20E9C94F2869614500A620C6 /* libpjsip-simple-arm64-apple-darwin_ios.a */,
				20E9C94B2869614500A620C6 /* libpjsip-ua-arm64-apple-darwin_ios.a */,
				20E9C9452869614500A620C6 /* libpjsua-arm64-apple-darwin_ios.a */,
				20E9C9462869614500A620C6 /* libpjsua2-arm64-apple-darwin_ios.a */,
				20E9C9302869613000A620C6 /* Libraries */,
			);
			name = Frameworks;
			sourceTree = "<group>";
		};
		20E9C9302869613000A620C6 /* Libraries */ = {
			isa = PBXGroup;
			children = (
				20E9C9312869613000A620C6 /* libpjlib-util.a */,
				20E9C9322869613000A620C6 /* libpjsip-ua.a */,
				20E9C9332869613000A620C6 /* libyuv.a */,
				20E9C9342869613000A620C6 /* libpjsua2.a */,
				20E9C9352869613000A620C6 /* libpjnath.a */,
				20E9C9362869613000A620C6 /* libpjmedia.a */,
				20E9C9372869613000A620C6 /* libpjsip-simple.a */,
				20E9C9382869613000A620C6 /* libg7221codec.a */,
				20E9C9392869613000A620C6 /* libgsmcodec.a */,
				20E9C93A2869613000A620C6 /* libspeex.a */,
				20E9C93B2869613000A620C6 /* libpjmedia-codec.a */,
				20E9C93C2869613000A620C6 /* libpjmedia-videodev.a */,
				20E9C93D2869613000A620C6 /* libpjsua.a */,
				20E9C93E2869613000A620C6 /* libwebrtc.a */,
				20E9C93F2869613000A620C6 /* libresample.a */,
				20E9C9402869613000A620C6 /* libsrtp.a */,
				20E9C9412869613000A620C6 /* libpj.a */,
				20E9C9422869613000A620C6 /* libilbccodec.a */,
				20E9C9432869613000A620C6 /* libpjsip.a */,
				20E9C9442869613000A620C6 /* libpjmedia-audiodev.a */,
			);
			path = Libraries;
			sourceTree = "<group>";
		};
/* End PBXGroup section */

/* Begin PBXNativeTarget section */
		20C689222864775200B57794 /* CallKitWithPjsipDemo */ = {
			isa = PBXNativeTarget;
			buildConfigurationList = 20C6894D2864775300B57794 /* Build configuration list for PBXNativeTarget "CallKitWithPjsipDemo" */;
			buildPhases = (
				20C6891F2864775200B57794 /* Sources */,
				20C689202864775200B57794 /* Frameworks */,
				20C689212864775200B57794 /* Resources */,
			);
			buildRules = (
			);
			dependencies = (
			);
			name = CallKitWithPjsipDemo;
			productName = CallKitWithPjsipDemo;
			productReference = 20E9C92C28695F3900A620C6 /* CallKitWithPjsipDemo.app */;
			productType = "com.apple.product-type.application";
		};
/* End PBXNativeTarget section */

/* Begin PBXProject section */
		20C6891B2864775200B57794 /* Project object */ = {
			isa = PBXProject;
			attributes = {
				BuildIndependentTargetsInParallel = 1;
				LastSwiftUpdateCheck = 1330;
				LastUpgradeCheck = 1330;
				TargetAttributes = {
					20C689222864775200B57794 = {
						CreatedOnToolsVersion = 13.3.1;
						LastSwiftMigration = 1330;
					};
				};
			};
			buildConfigurationList = 20C6891E2864775200B57794 /* Build configuration list for PBXProject "CallKitWithPjsipDemo" */;
			compatibilityVersion = "Xcode 13.0";
			developmentRegion = en;
			hasScannedForEncodings = 0;
			knownRegions = (
				en,
				Base,
			);
			mainGroup = 20C6891A2864775200B57794;
			productRefGroup = 20C6891A2864775200B57794;
			projectDirPath = "";
			projectRoot = "";
			targets = (
				20C689222864775200B57794 /* CallKitWithPjsipDemo */,
			);
		};
/* End PBXProject section */

/* Begin PBXResourcesBuildPhase section */
		20C689212864775200B57794 /* Resources */ = {
			isa = PBXResourcesBuildPhase;
			buildActionMask = 2147483647;
			files = (
				20C689332864775300B57794 /* LaunchScreen.storyboard in Resources */,
				20C689302864775300B57794 /* Assets.xcassets in Resources */,
				20C6892E2864775200B57794 /* Main.storyboard in Resources */,
			);
			runOnlyForDeploymentPostprocessing = 0;
		};
/* End PBXResourcesBuildPhase section */

/* Begin PBXSourcesBuildPhase section */
		20C6891F2864775200B57794 /* Sources */ = {
			isa = PBXSourcesBuildPhase;
			buildActionMask = 2147483647;
			files = (
				20C3FDA528695BCC00F8637A /* demo-pjsip-header.m in Sources */,
				20C3FD76286955DC00F8637A /* SIPconfig.swift in Sources */,
				20C6892B2864775200B57794 /* ViewController.swift in Sources */,
				20C689272864775200B57794 /* AppDelegate.swift in Sources */,
				20C689292864775200B57794 /* SceneDelegate.swift in Sources */,
			);
			runOnlyForDeploymentPostprocessing = 0;
		};
/* End PBXSourcesBuildPhase section */

/* Begin PBXVariantGroup section */
		20C6892C2864775200B57794 /* Main.storyboard */ = {
			isa = PBXVariantGroup;
			children = (
				20C6892D2864775200B57794 /* Base */,
			);
			name = Main.storyboard;
			sourceTree = "<group>";
		};
		20C689312864775300B57794 /* LaunchScreen.storyboard */ = {
			isa = PBXVariantGroup;
			children = (
				20C689322864775300B57794 /* Base */,
			);
			name = LaunchScreen.storyboard;
			sourceTree = "<group>";
		};
/* End PBXVariantGroup section */

/* Begin XCBuildConfiguration section */
		20C6894B2864775300B57794 /* Debug */ = {
			isa = XCBuildConfiguration;
			buildSettings = {
				ALWAYS_SEARCH_USER_PATHS = NO;
				CLANG_ANALYZER_NONNULL = YES;
				CLANG_ANALYZER_NUMBER_OBJECT_CONVERSION = YES_AGGRESSIVE;
				CLANG_CXX_LANGUAGE_STANDARD = "gnu++17";
				CLANG_ENABLE_MODULES = YES;
				CLANG_ENABLE_OBJC_ARC = YES;
				CLANG_ENABLE_OBJC_WEAK = YES;
				CLANG_WARN_BLOCK_CAPTURE_AUTORELEASING = YES;
				CLANG_WARN_BOOL_CONVERSION = YES;
				CLANG_WARN_COMMA = YES;
				CLANG_WARN_CONSTANT_CONVERSION = YES;
				CLANG_WARN_DEPRECATED_OBJC_IMPLEMENTATIONS = YES;
				CLANG_WARN_DIRECT_OBJC_ISA_USAGE = YES_ERROR;
				CLANG_WARN_DOCUMENTATION_COMMENTS = YES;
				CLANG_WARN_EMPTY_BODY = YES;
				CLANG_WARN_ENUM_CONVERSION = YES;
				CLANG_WARN_INFINITE_RECURSION = YES;
				CLANG_WARN_INT_CONVERSION = YES;
				CLANG_WARN_NON_LITERAL_NULL_CONVERSION = YES;
				CLANG_WARN_OBJC_IMPLICIT_RETAIN_SELF = YES;
				CLANG_WARN_OBJC_LITERAL_CONVERSION = YES;
				CLANG_WARN_OBJC_ROOT_CLASS = YES_ERROR;
				CLANG_WARN_QUOTED_INCLUDE_IN_FRAMEWORK_HEADER = YES;
				CLANG_WARN_RANGE_LOOP_ANALYSIS = YES;
				CLANG_WARN_STRICT_PROTOTYPES = YES;
				CLANG_WARN_SUSPICIOUS_MOVE = YES;
				CLANG_WARN_UNGUARDED_AVAILABILITY = YES_AGGRESSIVE;
				CLANG_WARN_UNREACHABLE_CODE = YES;
				CLANG_WARN__DUPLICATE_METHOD_MATCH = YES;
				COPY_PHASE_STRIP = NO;
				DEBUG_INFORMATION_FORMAT = dwarf;
				ENABLE_STRICT_OBJC_MSGSEND = YES;
				ENABLE_TESTABILITY = YES;
				GCC_C_LANGUAGE_STANDARD = gnu11;
				GCC_DYNAMIC_NO_PIC = NO;
				GCC_NO_COMMON_BLOCKS = YES;
				GCC_OPTIMIZATION_LEVEL = 0;
				GCC_PREPROCESSOR_DEFINITIONS = (
					"DEBUG=1",
					"$(inherited)",
				);
				GCC_WARN_64_TO_32_BIT_CONVERSION = YES;
				GCC_WARN_ABOUT_RETURN_TYPE = YES_ERROR;
				GCC_WARN_UNDECLARED_SELECTOR = YES;
				GCC_WARN_UNINITIALIZED_AUTOS = YES_AGGRESSIVE;
				GCC_WARN_UNUSED_FUNCTION = YES;
				GCC_WARN_UNUSED_VARIABLE = YES;
				IPHONEOS_DEPLOYMENT_TARGET = 15.4;
				MTL_ENABLE_DEBUG_INFO = INCLUDE_SOURCE;
				MTL_FAST_MATH = YES;
				ONLY_ACTIVE_ARCH = YES;
				SDKROOT = iphoneos;
				SWIFT_ACTIVE_COMPILATION_CONDITIONS = DEBUG;
				SWIFT_OPTIMIZATION_LEVEL = "-Onone";
			};
			name = Debug;
		};
		20C6894C2864775300B57794 /* Release */ = {
			isa = XCBuildConfiguration;
			buildSettings = {
				ALWAYS_SEARCH_USER_PATHS = NO;
				CLANG_ANALYZER_NONNULL = YES;
				CLANG_ANALYZER_NUMBER_OBJECT_CONVERSION = YES_AGGRESSIVE;
				CLANG_CXX_LANGUAGE_STANDARD = "gnu++17";
				CLANG_ENABLE_MODULES = YES;
				CLANG_ENABLE_OBJC_ARC = YES;
				CLANG_ENABLE_OBJC_WEAK = YES;
				CLANG_WARN_BLOCK_CAPTURE_AUTORELEASING = YES;
				CLANG_WARN_BOOL_CONVERSION = YES;
				CLANG_WARN_COMMA = YES;
				CLANG_WARN_CONSTANT_CONVERSION = YES;
				CLANG_WARN_DEPRECATED_OBJC_IMPLEMENTATIONS = YES;
				CLANG_WARN_DIRECT_OBJC_ISA_USAGE = YES_ERROR;
				CLANG_WARN_DOCUMENTATION_COMMENTS = YES;
				CLANG_WARN_EMPTY_BODY = YES;
				CLANG_WARN_ENUM_CONVERSION = YES;
				CLANG_WARN_INFINITE_RECURSION = YES;
				CLANG_WARN_INT_CONVERSION = YES;
				CLANG_WARN_NON_LITERAL_NULL_CONVERSION = YES;
				CLANG_WARN_OBJC_IMPLICIT_RETAIN_SELF = YES;
				CLANG_WARN_OBJC_LITERAL_CONVERSION = YES;
				CLANG_WARN_OBJC_ROOT_CLASS = YES_ERROR;
				CLANG_WARN_QUOTED_INCLUDE_IN_FRAMEWORK_HEADER = YES;
				CLANG_WARN_RANGE_LOOP_ANALYSIS = YES;
				CLANG_WARN_STRICT_PROTOTYPES = YES;
				CLANG_WARN_SUSPICIOUS_MOVE = YES;
				CLANG_WARN_UNGUARDED_AVAILABILITY = YES_AGGRESSIVE;
				CLANG_WARN_UNREACHABLE_CODE = YES;
				CLANG_WARN__DUPLICATE_METHOD_MATCH = YES;
				COPY_PHASE_STRIP = NO;
				DEBUG_INFORMATION_FORMAT = "dwarf-with-dsym";
				ENABLE_NS_ASSERTIONS = NO;
				ENABLE_STRICT_OBJC_MSGSEND = YES;
				GCC_C_LANGUAGE_STANDARD = gnu11;
				GCC_NO_COMMON_BLOCKS = YES;
				GCC_WARN_64_TO_32_BIT_CONVERSION = YES;
				GCC_WARN_ABOUT_RETURN_TYPE = YES_ERROR;
				GCC_WARN_UNDECLARED_SELECTOR = YES;
				GCC_WARN_UNINITIALIZED_AUTOS = YES_AGGRESSIVE;
				GCC_WARN_UNUSED_FUNCTION = YES;
				GCC_WARN_UNUSED_VARIABLE = YES;
				IPHONEOS_DEPLOYMENT_TARGET = 15.4;
				MTL_ENABLE_DEBUG_INFO = NO;
				MTL_FAST_MATH = YES;
				SDKROOT = iphoneos;
				SWIFT_COMPILATION_MODE = wholemodule;
				SWIFT_OPTIMIZATION_LEVEL = "-O";
				VALIDATE_PRODUCT = YES;
			};
			name = Release;
		};
		20C6894E2864775300B57794 /* Debug */ = {
			isa = XCBuildConfiguration;
			buildSettings = {
				ASSETCATALOG_COMPILER_APPICON_NAME = AppIcon;
				ASSETCATALOG_COMPILER_GLOBAL_ACCENT_COLOR_NAME = AccentColor;
				CLANG_ENABLE_MODULES = YES;
				CODE_SIGN_STYLE = Automatic;
				CURRENT_PROJECT_VERSION = 1;
				GENERATE_INFOPLIST_FILE = YES;
				INFOPLIST_FILE = CallKitWithPjsipDemo/Info.plist;
				INFOPLIST_KEY_UIApplicationSupportsIndirectInputEvents = YES;
				INFOPLIST_KEY_UILaunchStoryboardName = LaunchScreen;
				INFOPLIST_KEY_UIMainStoryboardFile = Main;
				INFOPLIST_KEY_UISupportedInterfaceOrientations_iPad = "UIInterfaceOrientationPortrait UIInterfaceOrientationPortraitUpsideDown UIInterfaceOrientationLandscapeLeft UIInterfaceOrientationLandscapeRight";
				INFOPLIST_KEY_UISupportedInterfaceOrientations_iPhone = "UIInterfaceOrientationPortrait UIInterfaceOrientationLandscapeLeft UIInterfaceOrientationLandscapeRight";
				LD_RUNPATH_SEARCH_PATHS = (
					"$(inherited)",
					"@executable_path/Frameworks",
				);
				LIBRARY_SEARCH_PATHS = (
					"$(inherited)",
					"$(PROJECT_DIR)/CallKitWithPjsipDemoUITests/Libraries",
				);
				MARKETING_VERSION = 1.0;
				PRODUCT_BUNDLE_IDENTIFIER = cse.mobarak.CallKitWithPjsipDemo;
				PRODUCT_NAME = "$(TARGET_NAME)";
				SWIFT_EMIT_LOC_STRINGS = YES;
				SWIFT_OBJC_BRIDGING_HEADER = "CallKitWithPjsipDemo-Bridging-Header.h";
				SWIFT_OPTIMIZATION_LEVEL = "-Onone";
				SWIFT_VERSION = 5.0;
				TARGETED_DEVICE_FAMILY = "1,2";
			};
			name = Debug;
		};
		20C6894F2864775300B57794 /* Release */ = {
			isa = XCBuildConfiguration;
			buildSettings = {
				ASSETCATALOG_COMPILER_APPICON_NAME = AppIcon;
				ASSETCATALOG_COMPILER_GLOBAL_ACCENT_COLOR_NAME = AccentColor;
				CLANG_ENABLE_MODULES = YES;
				CODE_SIGN_STYLE = Automatic;
				CURRENT_PROJECT_VERSION = 1;
				GENERATE_INFOPLIST_FILE = YES;
				INFOPLIST_FILE = CallKitWithPjsipDemo/Info.plist;
				INFOPLIST_KEY_UIApplicationSupportsIndirectInputEvents = YES;
				INFOPLIST_KEY_UILaunchStoryboardName = LaunchScreen;
				INFOPLIST_KEY_UIMainStoryboardFile = Main;
				INFOPLIST_KEY_UISupportedInterfaceOrientations_iPad = "UIInterfaceOrientationPortrait UIInterfaceOrientationPortraitUpsideDown UIInterfaceOrientationLandscapeLeft UIInterfaceOrientationLandscapeRight";
				INFOPLIST_KEY_UISupportedInterfaceOrientations_iPhone = "UIInterfaceOrientationPortrait UIInterfaceOrientationLandscapeLeft UIInterfaceOrientationLandscapeRight";
				LD_RUNPATH_SEARCH_PATHS = (
					"$(inherited)",
					"@executable_path/Frameworks",
				);
				LIBRARY_SEARCH_PATHS = (
					"$(inherited)",
					"$(PROJECT_DIR)/CallKitWithPjsipDemoUITests/Libraries",
				);
				MARKETING_VERSION = 1.0;
				PRODUCT_BUNDLE_IDENTIFIER = cse.mobarak.CallKitWithPjsipDemo;
				PRODUCT_NAME = "$(TARGET_NAME)";
				SWIFT_EMIT_LOC_STRINGS = YES;
				SWIFT_OBJC_BRIDGING_HEADER = "CallKitWithPjsipDemo-Bridging-Header.h";
				SWIFT_VERSION = 5.0;
				TARGETED_DEVICE_FAMILY = "1,2";
			};
			name = Release;
		};
/* End XCBuildConfiguration section */

/* Begin XCConfigurationList section */
		20C6891E2864775200B57794 /* Build configuration list for PBXProject "CallKitWithPjsipDemo" */ = {
			isa = XCConfigurationList;
			buildConfigurations = (
				20C6894B2864775300B57794 /* Debug */,
				20C6894C2864775300B57794 /* Release */,
			);
			defaultConfigurationIsVisible = 0;
			defaultConfigurationName = Release;
		};
		20C6894D2864775300B57794 /* Build configuration list for PBXNativeTarget "CallKitWithPjsipDemo" */ = {
			isa = XCConfigurationList;
			buildConfigurations = (
				20C6894E2864775300B57794 /* Debug */,
				20C6894F2864775300B57794 /* Release */,
			);
			defaultConfigurationIsVisible = 0;
			defaultConfigurationName = Release;
		};
/* End XCConfigurationList section */
	};
	rootObject = 20C6891B2864775200B57794 /* Project object */;
}
